
Microsoft Visual Studio Solution File, Format Version 12.00
# Visual Studio Version 17
VisualStudioVersion = 17.5.002.0
MinimumVisualStudioVersion = 10.0.40219.1
Project("{2150E333-8FDC-42A3-9474-1A3956D46DE8}") = "src", "src", "{B986B000-EBC0-4E28-B9C8-7B9B048F539B}"
EndProject
Project("{2150E333-8FDC-42A3-9474-1A3956D46DE8}") = "lib", "lib", "{CCF8CA44-E123-4DAA-BB48-8A73336FE699}"
EndProject
Project("{9A19103F-16F7-4668-BE54-9A1E7A4F7556}") = "TauBetaDelta", "src\lib\TauBetaDelta\TauBetaDelta.csproj", "{FF24C982-CE57-4B89-BB29-C1D283036F60}"
EndProject
Project("{FAE04EC0-301F-11D3-BF4B-00C04F79EFBC}") = "TauBetaDeltaChi", "src\lib\TauBetaDeltaChi\TauBetaDeltaChi.csproj", "{20DA532A-2D32-492F-ABAC-DD16ED91D965}"
EndProject
Global
	GlobalSection(SolutionConfigurationPlatforms) = preSolution
		Debug|Any CPU = Debug|Any CPU
		Release|Any CPU = Release|Any CPU
	EndGlobalSection
	GlobalSection(ProjectConfigurationPlatforms) = postSolution
		{FF24C982-CE57-4B89-BB29-C1D283036F60}.Debug|Any CPU.ActiveCfg = Debug|Any CPU
		{FF24C982-CE57-4B89-BB29-C1D283036F60}.Debug|Any CPU.Build.0 = Debug|Any CPU
		{FF24C982-CE57-4B89-BB29-C1D283036F60}.Release|Any CPU.ActiveCfg = Release|Any CPU
		{FF24C982-CE57-4B89-BB29-C1D283036F60}.Release|Any CPU.Build.0 = Release|Any CPU
		{20DA532A-2D32-492F-ABAC-DD16ED91D965}.Debug|Any CPU.ActiveCfg = Debug|Any CPU
		{20DA532A-2D32-492F-ABAC-DD16ED91D965}.Debug|Any CPU.Build.0 = Debug|Any CPU
		{20DA532A-2D32-492F-ABAC-DD16ED91D965}.Release|Any CPU.ActiveCfg = Release|Any CPU
		{20DA532A-2D32-492F-ABAC-DD16ED91D965}.Release|Any CPU.Build.0 = Release|Any CPU
	EndGlobalSection
	GlobalSection(SolutionProperties) = preSolution
		HideSolutionNode = FALSE
	EndGlobalSection
	GlobalSection(NestedProjects) = preSolution
		{CCF8CA44-E123-4DAA-BB48-8A73336FE699} = {B986B000-EBC0-4E28-B9C8-7B9B048F539B}
		{FF24C982-CE57-4B89-BB29-C1D283036F60} = {CCF8CA44-E123-4DAA-BB48-8A73336FE699}
		{20DA532A-2D32-492F-ABAC-DD16ED91D965} = {CCF8CA44-E123-4DAA-BB48-8A73336FE699}
	EndGlobalSection
	GlobalSection(ExtensibilityGlobals) = postSolution
		SolutionGuid = {F1957D17-37AF-4141-8E30-2B725EC0C9D3}
	EndGlobalSection
EndGlobal
